
Microsoft Visual Studio Solution File, Format Version 12.00
# Visual Studio 2013
VisualStudioVersion = 12.0.21005.1
MinimumVisualStudioVersion = 10.0.40219.1
Project("{FAE04EC0-301F-11D3-BF4B-00C04F79EFBC}") = "TerminologyLauncher", "TerminologyLauncher\TerminologyLauncher.csproj", "{5184F7B0-EFFC-42AD-A885-6F75660CD1B7}"
EndProject
Project("{FAE04EC0-301F-11D3-BF4B-00C04F79EFBC}") = "Core", "Core\Core.csproj", "{344A31C3-D60F-4CEF-819A-F49B0C93AAA8}"
EndProject
Project("{FAE04EC0-301F-11D3-BF4B-00C04F79EFBC}") = "Entities", "Entities\Entities.csproj", "{D7137ADB-46BA-4E01-B550-060411DFE671}"
EndProject
Project("{FAE04EC0-301F-11D3-BF4B-00C04F79EFBC}") = "GUI", "GUI\GUI.csproj", "{93928797-0422-4F4E-8D6A-9A2CB04B81F8}"
EndProject
Project("{FAE04EC0-301F-11D3-BF4B-00C04F79EFBC}") = "I18n", "I18n\I18n.csproj", "{79FD9A83-CAA1-451A-A128-DA30F723C45F}"
EndProject
Project("{FAE04EC0-301F-11D3-BF4B-00C04F79EFBC}") = "Logging", "Logging\Logging.csproj", "{392827A7-AD9A-4120-B507-1A09465D24ED}"
EndProject
Project("{FAE04EC0-301F-11D3-BF4B-00C04F79EFBC}") = "Configs", "Configs\Configs.csproj", "{B56B5D15-8A5E-4833-83F1-6FC40A4B3B7C}"
EndProject
Project("{FAE04EC0-301F-11D3-BF4B-00C04F79EFBC}") = "TerminologyLauncher[DEBUG]", "TerminologyLauncher[DEBUG]\TerminologyLauncher[DEBUG].csproj", "{DC8D6B4B-CD4A-40C1-9574-E4FB3AFE8009}"
EndProject
Project("{FAE04EC0-301F-11D3-BF4B-00C04F79EFBC}") = "Auth", "Auth\Auth.csproj", "{8AED705F-6AE6-4E34-9529-D1CD26658DCB}"
EndProject
Project("{FAE04EC0-301F-11D3-BF4B-00C04F79EFBC}") = "InstanceManager", "InstanceManager\InstanceManager.csproj", "{810902D1-4781-4882-B234-212AB101EE20}"
EndProject
Project("{FAE04EC0-301F-11D3-BF4B-00C04F79EFBC}") = "FileRepository", "FileRepository\FileRepository.csproj", "{F24CD191-1F75-4C4A-8A40-78914C801148}"
EndProject
Project("{FAE04EC0-301F-11D3-BF4B-00C04F79EFBC}") = "UnitTest", "UnitTest\UnitTest.csproj", "{1F33BC47-34A9-41BD-B64C-A81FC8E4B110}"
EndProject
Project("{FAE04EC0-301F-11D3-BF4B-00C04F79EFBC}") = "Utils", "Utils\Utils.csproj", "{E0E44A8E-6A01-4E68-ACD6-3C1D0D166E85}"
EndProject
Global
	GlobalSection(SolutionConfigurationPlatforms) = preSolution
		Debug|Any CPU = Debug|Any CPU
		Release|Any CPU = Release|Any CPU
	EndGlobalSection
	GlobalSection(ProjectConfigurationPlatforms) = postSolution
		{5184F7B0-EFFC-42AD-A885-6F75660CD1B7}.Debug|Any CPU.ActiveCfg = Debug|Any CPU
		{5184F7B0-EFFC-42AD-A885-6F75660CD1B7}.Debug|Any CPU.Build.0 = Debug|Any CPU
		{5184F7B0-EFFC-42AD-A885-6F75660CD1B7}.Release|Any CPU.ActiveCfg = Release|Any CPU
		{5184F7B0-EFFC-42AD-A885-6F75660CD1B7}.Release|Any CPU.Build.0 = Release|Any CPU
		{344A31C3-D60F-4CEF-819A-F49B0C93AAA8}.Debug|Any CPU.ActiveCfg = Debug|Any CPU
		{344A31C3-D60F-4CEF-819A-F49B0C93AAA8}.Debug|Any CPU.Build.0 = Debug|Any CPU
		{344A31C3-D60F-4CEF-819A-F49B0C93AAA8}.Release|Any CPU.ActiveCfg = Release|Any CPU
		{344A31C3-D60F-4CEF-819A-F49B0C93AAA8}.Release|Any CPU.Build.0 = Release|Any CPU
		{D7137ADB-46BA-4E01-B550-060411DFE671}.Debug|Any CPU.ActiveCfg = Debug|Any CPU
		{D7137ADB-46BA-4E01-B550-060411DFE671}.Debug|Any CPU.Build.0 = Debug|Any CPU
		{D7137ADB-46BA-4E01-B550-060411DFE671}.Release|Any CPU.ActiveCfg = Release|Any CPU
		{D7137ADB-46BA-4E01-B550-060411DFE671}.Release|Any CPU.Build.0 = Release|Any CPU
		{93928797-0422-4F4E-8D6A-9A2CB04B81F8}.Debug|Any CPU.ActiveCfg = Debug|Any CPU
		{93928797-0422-4F4E-8D6A-9A2CB04B81F8}.Debug|Any CPU.Build.0 = Debug|Any CPU
		{93928797-0422-4F4E-8D6A-9A2CB04B81F8}.Release|Any CPU.ActiveCfg = Release|Any CPU
		{93928797-0422-4F4E-8D6A-9A2CB04B81F8}.Release|Any CPU.Build.0 = Release|Any CPU
		{79FD9A83-CAA1-451A-A128-DA30F723C45F}.Debug|Any CPU.ActiveCfg = Debug|Any CPU
		{79FD9A83-CAA1-451A-A128-DA30F723C45F}.Debug|Any CPU.Build.0 = Debug|Any CPU
		{79FD9A83-CAA1-451A-A128-DA30F723C45F}.Release|Any CPU.ActiveCfg = Release|Any CPU
		{79FD9A83-CAA1-451A-A128-DA30F723C45F}.Release|Any CPU.Build.0 = Release|Any CPU
		{392827A7-AD9A-4120-B507-1A09465D24ED}.Debug|Any CPU.ActiveCfg = Debug|Any CPU
		{392827A7-AD9A-4120-B507-1A09465D24ED}.Debug|Any CPU.Build.0 = Debug|Any CPU
		{392827A7-AD9A-4120-B507-1A09465D24ED}.Release|Any CPU.ActiveCfg = Release|Any CPU
		{392827A7-AD9A-4120-B507-1A09465D24ED}.Release|Any CPU.Build.0 = Release|Any CPU
		{B56B5D15-8A5E-4833-83F1-6FC40A4B3B7C}.Debug|Any CPU.ActiveCfg = Debug|Any CPU
		{B56B5D15-8A5E-4833-83F1-6FC40A4B3B7C}.Debug|Any CPU.Build.0 = Debug|Any CPU
		{B56B5D15-8A5E-4833-83F1-6FC40A4B3B7C}.Release|Any CPU.ActiveCfg = Release|Any CPU
		{B56B5D15-8A5E-4833-83F1-6FC40A4B3B7C}.Release|Any CPU.Build.0 = Release|Any CPU
		{DC8D6B4B-CD4A-40C1-9574-E4FB3AFE8009}.Debug|Any CPU.ActiveCfg = Debug|Any CPU
		{DC8D6B4B-CD4A-40C1-9574-E4FB3AFE8009}.Debug|Any CPU.Build.0 = Debug|Any CPU
		{DC8D6B4B-CD4A-40C1-9574-E4FB3AFE8009}.Release|Any CPU.ActiveCfg = Release|Any CPU
		{DC8D6B4B-CD4A-40C1-9574-E4FB3AFE8009}.Release|Any CPU.Build.0 = Release|Any CPU
		{8AED705F-6AE6-4E34-9529-D1CD26658DCB}.Debug|Any CPU.ActiveCfg = Debug|Any CPU
		{8AED705F-6AE6-4E34-9529-D1CD26658DCB}.Debug|Any CPU.Build.0 = Debug|Any CPU
		{8AED705F-6AE6-4E34-9529-D1CD26658DCB}.Release|Any CPU.ActiveCfg = Release|Any CPU
		{8AED705F-6AE6-4E34-9529-D1CD26658DCB}.Release|Any CPU.Build.0 = Release|Any CPU
		{810902D1-4781-4882-B234-212AB101EE20}.Debug|Any CPU.ActiveCfg = Debug|Any CPU
		{810902D1-4781-4882-B234-212AB101EE20}.Debug|Any CPU.Build.0 = Debug|Any CPU
		{810902D1-4781-4882-B234-212AB101EE20}.Release|Any CPU.ActiveCfg = Release|Any CPU
		{810902D1-4781-4882-B234-212AB101EE20}.Release|Any CPU.Build.0 = Release|Any CPU
		{F24CD191-1F75-4C4A-8A40-78914C801148}.Debug|Any CPU.ActiveCfg = Debug|Any CPU
		{F24CD191-1F75-4C4A-8A40-78914C801148}.Debug|Any CPU.Build.0 = Debug|Any CPU
		{F24CD191-1F75-4C4A-8A40-78914C801148}.Release|Any CPU.ActiveCfg = Release|Any CPU
		{F24CD191-1F75-4C4A-8A40-78914C801148}.Release|Any CPU.Build.0 = Release|Any CPU
		{1F33BC47-34A9-41BD-B64C-A81FC8E4B110}.Debug|Any CPU.ActiveCfg = Debug|Any CPU
		{1F33BC47-34A9-41BD-B64C-A81FC8E4B110}.Debug|Any CPU.Build.0 = Debug|Any CPU
		{1F33BC47-34A9-41BD-B64C-A81FC8E4B110}.Release|Any CPU.ActiveCfg = Release|Any CPU
		{1F33BC47-34A9-41BD-B64C-A81FC8E4B110}.Release|Any CPU.Build.0 = Release|Any CPU
		{E0E44A8E-6A01-4E68-ACD6-3C1D0D166E85}.Debug|Any CPU.ActiveCfg = Debug|Any CPU
		{E0E44A8E-6A01-4E68-ACD6-3C1D0D166E85}.Debug|Any CPU.Build.0 = Debug|Any CPU
		{E0E44A8E-6A01-4E68-ACD6-3C1D0D166E85}.Release|Any CPU.ActiveCfg = Release|Any CPU
		{E0E44A8E-6A01-4E68-ACD6-3C1D0D166E85}.Release|Any CPU.Build.0 = Release|Any CPU
	EndGlobalSection
	GlobalSection(SolutionProperties) = preSolution
		HideSolutionNode = FALSE
	EndGlobalSection
EndGlobal
